// !$*UTF8*$!
{
	archiveVersion = 1;
	classes = {
	};
	objectVersion = 56;
	objects = {

/* Begin PBXBuildFile section */
		324C98BF29072B5900041045 /* AuthPublicKeyDTO.swift in Sources */ = {isa = PBXBuildFile; fileRef = 324C98BE29072B5900041045 /* AuthPublicKeyDTO.swift */; };
		32BBE6E929032D46005900E2 /* remote.framework in Frameworks */ = {isa = PBXBuildFile; fileRef = 32BBE6E029032D46005900E2 /* remote.framework */; };
		32BBE6EE29032D46005900E2 /* remoteTests.swift in Sources */ = {isa = PBXBuildFile; fileRef = 32BBE6ED29032D46005900E2 /* remoteTests.swift */; };
		32BBE6EF29032D46005900E2 /* remote.h in Headers */ = {isa = PBXBuildFile; fileRef = 32BBE6E329032D46005900E2 /* remote.h */; settings = {ATTRIBUTES = (Public, ); }; };
		32BBE70929032DB6005900E2 /* NetworkProviderProtocol.swift in Sources */ = {isa = PBXBuildFile; fileRef = 32BBE70829032DB6005900E2 /* NetworkProviderProtocol.swift */; };
		32BBE70C29032DDC005900E2 /* Alamofire in Frameworks */ = {isa = PBXBuildFile; productRef = 32BBE70B29032DDC005900E2 /* Alamofire */; };
		32BBE71229032E87005900E2 /* NetworkProvider.swift in Sources */ = {isa = PBXBuildFile; fileRef = 32BBE71129032E87005900E2 /* NetworkProvider.swift */; };
		32BBE71429032EB8005900E2 /* Logger.swift in Sources */ = {isa = PBXBuildFile; fileRef = 32BBE71329032EB8005900E2 /* Logger.swift */; };
		32BBE71629032EBE005900E2 /* AuthAdapter.swift in Sources */ = {isa = PBXBuildFile; fileRef = 32BBE71529032EBE005900E2 /* AuthAdapter.swift */; };
		32BBE71829032EC4005900E2 /* AuthRetrier.swift in Sources */ = {isa = PBXBuildFile; fileRef = 32BBE71729032EC4005900E2 /* AuthRetrier.swift */; };
		32BBE71B29032FDC005900E2 /* AuthAPI.swift in Sources */ = {isa = PBXBuildFile; fileRef = 32BBE71A29032FDC005900E2 /* AuthAPI.swift */; };
		32BBE71E29033007005900E2 /* AuthRemoteDTO.swift in Sources */ = {isa = PBXBuildFile; fileRef = 32BBE71D29033007005900E2 /* AuthRemoteDTO.swift */; };
		32BBE721290330CF005900E2 /* RemoteAssembly.swift in Sources */ = {isa = PBXBuildFile; fileRef = 32BBE720290330CF005900E2 /* RemoteAssembly.swift */; };
		32BBE7232903312E005900E2 /* AuthRemoteDataSourceProtocol.swift in Sources */ = {isa = PBXBuildFile; fileRef = 32BBE7222903312E005900E2 /* AuthRemoteDataSourceProtocol.swift */; };
		32BBE7252903314D005900E2 /* AuthLoginBody.swift in Sources */ = {isa = PBXBuildFile; fileRef = 32BBE7242903314D005900E2 /* AuthLoginBody.swift */; };
		32BBE72729033159005900E2 /* AuthRegisterBody.swift in Sources */ = {isa = PBXBuildFile; fileRef = 32BBE72629033159005900E2 /* AuthRegisterBody.swift */; };
		32BBE729290331CA005900E2 /* AuthRemoteDataSource.swift in Sources */ = {isa = PBXBuildFile; fileRef = 32BBE728290331CA005900E2 /* AuthRemoteDataSource.swift */; };
		32BBE753290334DC005900E2 /* global.framework in Frameworks */ = {isa = PBXBuildFile; fileRef = 32BBE752290334DC005900E2 /* global.framework */; };
		32BBE754290334DC005900E2 /* global.framework in Embed Frameworks */ = {isa = PBXBuildFile; fileRef = 32BBE752290334DC005900E2 /* global.framework */; settings = {ATTRIBUTES = (CodeSignOnCopy, RemoveHeadersOnCopy, ); }; };
/* End PBXBuildFile section */

/* Begin PBXContainerItemProxy section */
		32BBE6EA29032D46005900E2 /* PBXContainerItemProxy */ = {
			isa = PBXContainerItemProxy;
			containerPortal = 32BBE6D729032D46005900E2 /* Project object */;
			proxyType = 1;
			remoteGlobalIDString = 32BBE6DF29032D46005900E2;
			remoteInfo = remote;
		};
/* End PBXContainerItemProxy section */

/* Begin PBXCopyFilesBuildPhase section */
		32BBE755290334DC005900E2 /* Embed Frameworks */ = {
			isa = PBXCopyFilesBuildPhase;
			buildActionMask = 2147483647;
			dstPath = "";
			dstSubfolderSpec = 10;
			files = (
				32BBE754290334DC005900E2 /* global.framework in Embed Frameworks */,
			);
			name = "Embed Frameworks";
			runOnlyForDeploymentPostprocessing = 0;
		};
/* End PBXCopyFilesBuildPhase section */

/* Begin PBXFileReference section */
		324C98BE29072B5900041045 /* AuthPublicKeyDTO.swift */ = {isa = PBXFileReference; lastKnownFileType = sourcecode.swift; path = AuthPublicKeyDTO.swift; sourceTree = "<group>"; };
		32BBE6E029032D46005900E2 /* remote.framework */ = {isa = PBXFileReference; explicitFileType = wrapper.framework; includeInIndex = 0; path = remote.framework; sourceTree = BUILT_PRODUCTS_DIR; };
		32BBE6E329032D46005900E2 /* remote.h */ = {isa = PBXFileReference; lastKnownFileType = sourcecode.c.h; path = remote.h; sourceTree = "<group>"; };
		32BBE6E829032D46005900E2 /* remoteTests.xctest */ = {isa = PBXFileReference; explicitFileType = wrapper.cfbundle; includeInIndex = 0; path = remoteTests.xctest; sourceTree = BUILT_PRODUCTS_DIR; };
		32BBE6ED29032D46005900E2 /* remoteTests.swift */ = {isa = PBXFileReference; lastKnownFileType = sourcecode.swift; path = remoteTests.swift; sourceTree = "<group>"; };
		32BBE70829032DB6005900E2 /* NetworkProviderProtocol.swift */ = {isa = PBXFileReference; lastKnownFileType = sourcecode.swift; path = NetworkProviderProtocol.swift; sourceTree = "<group>"; };
		32BBE71129032E87005900E2 /* NetworkProvider.swift */ = {isa = PBXFileReference; lastKnownFileType = sourcecode.swift; path = NetworkProvider.swift; sourceTree = "<group>"; };
		32BBE71329032EB8005900E2 /* Logger.swift */ = {isa = PBXFileReference; lastKnownFileType = sourcecode.swift; path = Logger.swift; sourceTree = "<group>"; };
		32BBE71529032EBE005900E2 /* AuthAdapter.swift */ = {isa = PBXFileReference; lastKnownFileType = sourcecode.swift; path = AuthAdapter.swift; sourceTree = "<group>"; };
		32BBE71729032EC4005900E2 /* AuthRetrier.swift */ = {isa = PBXFileReference; lastKnownFileType = sourcecode.swift; path = AuthRetrier.swift; sourceTree = "<group>"; };
		32BBE71A29032FDC005900E2 /* AuthAPI.swift */ = {isa = PBXFileReference; lastKnownFileType = sourcecode.swift; path = AuthAPI.swift; sourceTree = "<group>"; };
		32BBE71D29033007005900E2 /* AuthRemoteDTO.swift */ = {isa = PBXFileReference; lastKnownFileType = sourcecode.swift; path = AuthRemoteDTO.swift; sourceTree = "<group>"; };
		32BBE720290330CF005900E2 /* RemoteAssembly.swift */ = {isa = PBXFileReference; lastKnownFileType = sourcecode.swift; path = RemoteAssembly.swift; sourceTree = "<group>"; };
		32BBE7222903312E005900E2 /* AuthRemoteDataSourceProtocol.swift */ = {isa = PBXFileReference; lastKnownFileType = sourcecode.swift; path = AuthRemoteDataSourceProtocol.swift; sourceTree = "<group>"; };
		32BBE7242903314D005900E2 /* AuthLoginBody.swift */ = {isa = PBXFileReference; lastKnownFileType = sourcecode.swift; path = AuthLoginBody.swift; sourceTree = "<group>"; };
		32BBE72629033159005900E2 /* AuthRegisterBody.swift */ = {isa = PBXFileReference; lastKnownFileType = sourcecode.swift; path = AuthRegisterBody.swift; sourceTree = "<group>"; };
		32BBE728290331CA005900E2 /* AuthRemoteDataSource.swift */ = {isa = PBXFileReference; lastKnownFileType = sourcecode.swift; path = AuthRemoteDataSource.swift; sourceTree = "<group>"; };
		32BBE752290334DC005900E2 /* global.framework */ = {isa = PBXFileReference; explicitFileType = wrapper.framework; path = global.framework; sourceTree = BUILT_PRODUCTS_DIR; };
/* End PBXFileReference section */

/* Begin PBXFrameworksBuildPhase section */
		32BBE6DD29032D46005900E2 /* Frameworks */ = {
			isa = PBXFrameworksBuildPhase;
			buildActionMask = 2147483647;
			files = (
				32BBE70C29032DDC005900E2 /* Alamofire in Frameworks */,
				32BBE753290334DC005900E2 /* global.framework in Frameworks */,
			);
			runOnlyForDeploymentPostprocessing = 0;
		};
		32BBE6E529032D46005900E2 /* Frameworks */ = {
			isa = PBXFrameworksBuildPhase;
			buildActionMask = 2147483647;
			files = (
				32BBE6E929032D46005900E2 /* remote.framework in Frameworks */,
			);
			runOnlyForDeploymentPostprocessing = 0;
		};
/* End PBXFrameworksBuildPhase section */

/* Begin PBXGroup section */
		32BBE6D629032D46005900E2 = {
			isa = PBXGroup;
			children = (
				32BBE6E229032D46005900E2 /* remote */,
				32BBE6EC29032D46005900E2 /* remoteTests */,
				32BBE6E129032D46005900E2 /* Products */,
				32BBE751290334DC005900E2 /* Frameworks */,
			);
			sourceTree = "<group>";
		};
		32BBE6E129032D46005900E2 /* Products */ = {
			isa = PBXGroup;
			children = (
				32BBE6E029032D46005900E2 /* remote.framework */,
				32BBE6E829032D46005900E2 /* remoteTests.xctest */,
			);
			name = Products;
			sourceTree = "<group>";
		};
		32BBE6E229032D46005900E2 /* remote */ = {
			isa = PBXGroup;
			children = (
				32BBE71F290330B2005900E2 /* DI */,
				32BBE70129032D50005900E2 /* Models */,
				32BBE70529032D8F005900E2 /* DataSources */,
				32BBE70629032D97005900E2 /* NetworkProvider */,
				32BBE6E329032D46005900E2 /* remote.h */,
			);
			path = remote;
			sourceTree = "<group>";
		};
		32BBE6EC29032D46005900E2 /* remoteTests */ = {
			isa = PBXGroup;
			children = (
				32BBE6ED29032D46005900E2 /* remoteTests.swift */,
			);
			path = remoteTests;
			sourceTree = "<group>";
		};
		32BBE70129032D50005900E2 /* Models */ = {
			isa = PBXGroup;
			children = (
				32BBE71C29032FF4005900E2 /* Auth */,
			);
			path = Models;
			sourceTree = "<group>";
		};
		32BBE70529032D8F005900E2 /* DataSources */ = {
			isa = PBXGroup;
			children = (
				32BBE71929032FCC005900E2 /* Auth */,
			);
			path = DataSources;
			sourceTree = "<group>";
		};
		32BBE70629032D97005900E2 /* NetworkProvider */ = {
			isa = PBXGroup;
			children = (
				32BBE70729032DA0005900E2 /* Adapters */,
				32BBE70829032DB6005900E2 /* NetworkProviderProtocol.swift */,
				32BBE71129032E87005900E2 /* NetworkProvider.swift */,
			);
			path = NetworkProvider;
			sourceTree = "<group>";
		};
		32BBE70729032DA0005900E2 /* Adapters */ = {
			isa = PBXGroup;
			children = (
				32BBE71329032EB8005900E2 /* Logger.swift */,
				32BBE71529032EBE005900E2 /* AuthAdapter.swift */,
				32BBE71729032EC4005900E2 /* AuthRetrier.swift */,
			);
			path = Adapters;
			sourceTree = "<group>";
		};
		32BBE71929032FCC005900E2 /* Auth */ = {
			isa = PBXGroup;
			children = (
				32BBE71A29032FDC005900E2 /* AuthAPI.swift */,
				32BBE7222903312E005900E2 /* AuthRemoteDataSourceProtocol.swift */,
				32BBE728290331CA005900E2 /* AuthRemoteDataSource.swift */,
			);
			path = Auth;
			sourceTree = "<group>";
		};
		32BBE71C29032FF4005900E2 /* Auth */ = {
			isa = PBXGroup;
			children = (
				32BBE71D29033007005900E2 /* AuthRemoteDTO.swift */,
				32BBE7242903314D005900E2 /* AuthLoginBody.swift */,
				32BBE72629033159005900E2 /* AuthRegisterBody.swift */,
				324C98BE29072B5900041045 /* AuthPublicKeyDTO.swift */,
			);
			path = Auth;
			sourceTree = "<group>";
		};
		32BBE71F290330B2005900E2 /* DI */ = {
			isa = PBXGroup;
			children = (
				32BBE720290330CF005900E2 /* RemoteAssembly.swift */,
			);
			path = DI;
			sourceTree = "<group>";
		};
		32BBE751290334DC005900E2 /* Frameworks */ = {
			isa = PBXGroup;
			children = (
				32BBE752290334DC005900E2 /* global.framework */,
			);
			name = Frameworks;
			sourceTree = "<group>";
		};
/* End PBXGroup section */

/* Begin PBXHeadersBuildPhase section */
		32BBE6DB29032D46005900E2 /* Headers */ = {
			isa = PBXHeadersBuildPhase;
			buildActionMask = 2147483647;
			files = (
				32BBE6EF29032D46005900E2 /* remote.h in Headers */,
			);
			runOnlyForDeploymentPostprocessing = 0;
		};
/* End PBXHeadersBuildPhase section */

/* Begin PBXNativeTarget section */
		32BBE6DF29032D46005900E2 /* remote */ = {
			isa = PBXNativeTarget;
			buildConfigurationList = 32BBE6F229032D46005900E2 /* Build configuration list for PBXNativeTarget "remote" */;
			buildPhases = (
				32BBE6DB29032D46005900E2 /* Headers */,
				32BBE6DC29032D46005900E2 /* Sources */,
				32BBE6DD29032D46005900E2 /* Frameworks */,
				32BBE6DE29032D46005900E2 /* Resources */,
				32BBE755290334DC005900E2 /* Embed Frameworks */,
			);
			buildRules = (
			);
			dependencies = (
			);
			name = remote;
			packageProductDependencies = (
				32BBE70B29032DDC005900E2 /* Alamofire */,
			);
			productName = remote;
			productReference = 32BBE6E029032D46005900E2 /* remote.framework */;
			productType = "com.apple.product-type.framework";
		};
		32BBE6E729032D46005900E2 /* remoteTests */ = {
			isa = PBXNativeTarget;
			buildConfigurationList = 32BBE6F529032D46005900E2 /* Build configuration list for PBXNativeTarget "remoteTests" */;
			buildPhases = (
				32BBE6E429032D46005900E2 /* Sources */,
				32BBE6E529032D46005900E2 /* Frameworks */,
				32BBE6E629032D46005900E2 /* Resources */,
			);
			buildRules = (
			);
			dependencies = (
				32BBE6EB29032D46005900E2 /* PBXTargetDependency */,
			);
			name = remoteTests;
			productName = remoteTests;
			productReference = 32BBE6E829032D46005900E2 /* remoteTests.xctest */;
			productType = "com.apple.product-type.bundle.unit-test";
		};
/* End PBXNativeTarget section */

/* Begin PBXProject section */
		32BBE6D729032D46005900E2 /* Project object */ = {
			isa = PBXProject;
			attributes = {
				BuildIndependentTargetsInParallel = 1;
				LastSwiftUpdateCheck = 1400;
				LastUpgradeCheck = 1400;
				TargetAttributes = {
					32BBE6DF29032D46005900E2 = {
						CreatedOnToolsVersion = 14.0.1;
						LastSwiftMigration = 1400;
					};
					32BBE6E729032D46005900E2 = {
						CreatedOnToolsVersion = 14.0.1;
					};
				};
			};
			buildConfigurationList = 32BBE6DA29032D46005900E2 /* Build configuration list for PBXProject "remote" */;
			compatibilityVersion = "Xcode 14.0";
			developmentRegion = en;
			hasScannedForEncodings = 0;
			knownRegions = (
				en,
				Base,
			);
			mainGroup = 32BBE6D629032D46005900E2;
			packageReferences = (
				32BBE70A29032DDC005900E2 /* XCRemoteSwiftPackageReference "Alamofire" */,
			);
			productRefGroup = 32BBE6E129032D46005900E2 /* Products */;
			projectDirPath = "";
			projectRoot = "";
			targets = (
				32BBE6DF29032D46005900E2 /* remote */,
				32BBE6E729032D46005900E2 /* remoteTests */,
			);
		};
/* End PBXProject section */

/* Begin PBXResourcesBuildPhase section */
		32BBE6DE29032D46005900E2 /* Resources */ = {
			isa = PBXResourcesBuildPhase;
			buildActionMask = 2147483647;
			files = (
			);
			runOnlyForDeploymentPostprocessing = 0;
		};
		32BBE6E629032D46005900E2 /* Resources */ = {
			isa = PBXResourcesBuildPhase;
			buildActionMask = 2147483647;
			files = (
			);
			runOnlyForDeploymentPostprocessing = 0;
		};
/* End PBXResourcesBuildPhase section */

/* Begin PBXSourcesBuildPhase section */
		32BBE6DC29032D46005900E2 /* Sources */ = {
			isa = PBXSourcesBuildPhase;
			buildActionMask = 2147483647;
			files = (
				324C98BF29072B5900041045 /* AuthPublicKeyDTO.swift in Sources */,
				32BBE70929032DB6005900E2 /* NetworkProviderProtocol.swift in Sources */,
				32BBE71829032EC4005900E2 /* AuthRetrier.swift in Sources */,
				32BBE71429032EB8005900E2 /* Logger.swift in Sources */,
				32BBE72729033159005900E2 /* AuthRegisterBody.swift in Sources */,
				32BBE721290330CF005900E2 /* RemoteAssembly.swift in Sources */,
				32BBE71229032E87005900E2 /* NetworkProvider.swift in Sources */,
				32BBE729290331CA005900E2 /* AuthRemoteDataSource.swift in Sources */,
				32BBE7232903312E005900E2 /* AuthRemoteDataSourceProtocol.swift in Sources */,
				32BBE71B29032FDC005900E2 /* AuthAPI.swift in Sources */,
				32BBE71629032EBE005900E2 /* AuthAdapter.swift in Sources */,
				32BBE71E29033007005900E2 /* AuthRemoteDTO.swift in Sources */,
				32BBE7252903314D005900E2 /* AuthLoginBody.swift in Sources */,
			);
			runOnlyForDeploymentPostprocessing = 0;
		};
		32BBE6E429032D46005900E2 /* Sources */ = {
			isa = PBXSourcesBuildPhase;
			buildActionMask = 2147483647;
			files = (
				32BBE6EE29032D46005900E2 /* remoteTests.swift in Sources */,
			);
			runOnlyForDeploymentPostprocessing = 0;
		};
/* End PBXSourcesBuildPhase section */

/* Begin PBXTargetDependency section */
		32BBE6EB29032D46005900E2 /* PBXTargetDependency */ = {
			isa = PBXTargetDependency;
			target = 32BBE6DF29032D46005900E2 /* remote */;
			targetProxy = 32BBE6EA29032D46005900E2 /* PBXContainerItemProxy */;
		};
/* End PBXTargetDependency section */

/* Begin XCBuildConfiguration section */
		32BBE6F029032D46005900E2 /* Debug */ = {
			isa = XCBuildConfiguration;
			buildSettings = {
				ALWAYS_SEARCH_USER_PATHS = NO;
				CLANG_ANALYZER_NONNULL = YES;
				CLANG_ANALYZER_NUMBER_OBJECT_CONVERSION = YES_AGGRESSIVE;
				CLANG_CXX_LANGUAGE_STANDARD = "gnu++20";
				CLANG_ENABLE_MODULES = YES;
				CLANG_ENABLE_OBJC_ARC = YES;
				CLANG_ENABLE_OBJC_WEAK = YES;
				CLANG_WARN_BLOCK_CAPTURE_AUTORELEASING = YES;
				CLANG_WARN_BOOL_CONVERSION = YES;
				CLANG_WARN_COMMA = YES;
				CLANG_WARN_CONSTANT_CONVERSION = YES;
				CLANG_WARN_DEPRECATED_OBJC_IMPLEMENTATIONS = YES;
				CLANG_WARN_DIRECT_OBJC_ISA_USAGE = YES_ERROR;
				CLANG_WARN_DOCUMENTATION_COMMENTS = YES;
				CLANG_WARN_EMPTY_BODY = YES;
				CLANG_WARN_ENUM_CONVERSION = YES;
				CLANG_WARN_INFINITE_RECURSION = YES;
				CLANG_WARN_INT_CONVERSION = YES;
				CLANG_WARN_NON_LITERAL_NULL_CONVERSION = YES;
				CLANG_WARN_OBJC_IMPLICIT_RETAIN_SELF = YES;
				CLANG_WARN_OBJC_LITERAL_CONVERSION = YES;
				CLANG_WARN_OBJC_ROOT_CLASS = YES_ERROR;
				CLANG_WARN_QUOTED_INCLUDE_IN_FRAMEWORK_HEADER = YES;
				CLANG_WARN_RANGE_LOOP_ANALYSIS = YES;
				CLANG_WARN_STRICT_PROTOTYPES = YES;
				CLANG_WARN_SUSPICIOUS_MOVE = YES;
				CLANG_WARN_UNGUARDED_AVAILABILITY = YES_AGGRESSIVE;
				CLANG_WARN_UNREACHABLE_CODE = YES;
				CLANG_WARN__DUPLICATE_METHOD_MATCH = YES;
				COPY_PHASE_STRIP = NO;
				CURRENT_PROJECT_VERSION = 1;
				DEBUG_INFORMATION_FORMAT = dwarf;
				ENABLE_STRICT_OBJC_MSGSEND = YES;
				ENABLE_TESTABILITY = YES;
				GCC_C_LANGUAGE_STANDARD = gnu11;
				GCC_DYNAMIC_NO_PIC = NO;
				GCC_NO_COMMON_BLOCKS = YES;
				GCC_OPTIMIZATION_LEVEL = 0;
				GCC_PREPROCESSOR_DEFINITIONS = (
					"DEBUG=1",
					"$(inherited)",
				);
				GCC_WARN_64_TO_32_BIT_CONVERSION = YES;
				GCC_WARN_ABOUT_RETURN_TYPE = YES_ERROR;
				GCC_WARN_UNDECLARED_SELECTOR = YES;
				GCC_WARN_UNINITIALIZED_AUTOS = YES_AGGRESSIVE;
				GCC_WARN_UNUSED_FUNCTION = YES;
				GCC_WARN_UNUSED_VARIABLE = YES;
				IPHONEOS_DEPLOYMENT_TARGET = 14.0;
				MTL_ENABLE_DEBUG_INFO = INCLUDE_SOURCE;
				MTL_FAST_MATH = YES;
				ONLY_ACTIVE_ARCH = YES;
				SDKROOT = iphoneos;
				SWIFT_ACTIVE_COMPILATION_CONDITIONS = DEBUG;
				SWIFT_OPTIMIZATION_LEVEL = "-Onone";
				VERSIONING_SYSTEM = "apple-generic";
				VERSION_INFO_PREFIX = "";
			};
			name = Debug;
		};
		32BBE6F129032D46005900E2 /* Release */ = {
			isa = XCBuildConfiguration;
			buildSettings = {
				ALWAYS_SEARCH_USER_PATHS = NO;
				CLANG_ANALYZER_NONNULL = YES;
				CLANG_ANALYZER_NUMBER_OBJECT_CONVERSION = YES_AGGRESSIVE;
				CLANG_CXX_LANGUAGE_STANDARD = "gnu++20";
				CLANG_ENABLE_MODULES = YES;
				CLANG_ENABLE_OBJC_ARC = YES;
				CLANG_ENABLE_OBJC_WEAK = YES;
				CLANG_WARN_BLOCK_CAPTURE_AUTORELEASING = YES;
				CLANG_WARN_BOOL_CONVERSION = YES;
				CLANG_WARN_COMMA = YES;
				CLANG_WARN_CONSTANT_CONVERSION = YES;
				CLANG_WARN_DEPRECATED_OBJC_IMPLEMENTATIONS = YES;
				CLANG_WARN_DIRECT_OBJC_ISA_USAGE = YES_ERROR;
				CLANG_WARN_DOCUMENTATION_COMMENTS = YES;
				CLANG_WARN_EMPTY_BODY = YES;
				CLANG_WARN_ENUM_CONVERSION = YES;
				CLANG_WARN_INFINITE_RECURSION = YES;
				CLANG_WARN_INT_CONVERSION = YES;
				CLANG_WARN_NON_LITERAL_NULL_CONVERSION = YES;
				CLANG_WARN_OBJC_IMPLICIT_RETAIN_SELF = YES;
				CLANG_WARN_OBJC_LITERAL_CONVERSION = YES;
				CLANG_WARN_OBJC_ROOT_CLASS = YES_ERROR;
				CLANG_WARN_QUOTED_INCLUDE_IN_FRAMEWORK_HEADER = YES;
				CLANG_WARN_RANGE_LOOP_ANALYSIS = YES;
				CLANG_WARN_STRICT_PROTOTYPES = YES;
				CLANG_WARN_SUSPICIOUS_MOVE = YES;
				CLANG_WARN_UNGUARDED_AVAILABILITY = YES_AGGRESSIVE;
				CLANG_WARN_UNREACHABLE_CODE = YES;
				CLANG_WARN__DUPLICATE_METHOD_MATCH = YES;
				COPY_PHASE_STRIP = NO;
				CURRENT_PROJECT_VERSION = 1;
				DEBUG_INFORMATION_FORMAT = "dwarf-with-dsym";
				ENABLE_NS_ASSERTIONS = NO;
				ENABLE_STRICT_OBJC_MSGSEND = YES;
				GCC_C_LANGUAGE_STANDARD = gnu11;
				GCC_NO_COMMON_BLOCKS = YES;
				GCC_WARN_64_TO_32_BIT_CONVERSION = YES;
				GCC_WARN_ABOUT_RETURN_TYPE = YES_ERROR;
				GCC_WARN_UNDECLARED_SELECTOR = YES;
				GCC_WARN_UNINITIALIZED_AUTOS = YES_AGGRESSIVE;
				GCC_WARN_UNUSED_FUNCTION = YES;
				GCC_WARN_UNUSED_VARIABLE = YES;
				IPHONEOS_DEPLOYMENT_TARGET = 14.0;
				MTL_ENABLE_DEBUG_INFO = NO;
				MTL_FAST_MATH = YES;
				SDKROOT = iphoneos;
				SWIFT_COMPILATION_MODE = wholemodule;
				SWIFT_OPTIMIZATION_LEVEL = "-O";
				VALIDATE_PRODUCT = YES;
				VERSIONING_SYSTEM = "apple-generic";
				VERSION_INFO_PREFIX = "";
			};
			name = Release;
		};
		32BBE6F329032D46005900E2 /* Debug */ = {
			isa = XCBuildConfiguration;
			buildSettings = {
				CLANG_ENABLE_MODULES = YES;
				CODE_SIGN_STYLE = Automatic;
				CURRENT_PROJECT_VERSION = 1;
				DEFINES_MODULE = YES;
				DEVELOPMENT_TEAM = 8B4Z6L9SV7;
				DYLIB_COMPATIBILITY_VERSION = 1;
				DYLIB_CURRENT_VERSION = 1;
				DYLIB_INSTALL_NAME_BASE = "@rpath";
				GENERATE_INFOPLIST_FILE = YES;
				INFOPLIST_KEY_NSHumanReadableCopyright = "";
				INSTALL_PATH = "$(LOCAL_LIBRARY_DIR)/Frameworks";
				IPHONEOS_DEPLOYMENT_TARGET = 14.0;
				LD_RUNPATH_SEARCH_PATHS = (
					"$(inherited)",
					"@executable_path/Frameworks",
					"@loader_path/Frameworks",
				);
				MARKETING_VERSION = 1.0;
				PRODUCT_BUNDLE_IDENTIFIER = is.rza.remote;
				PRODUCT_NAME = "$(TARGET_NAME:c99extidentifier)";
				SKIP_INSTALL = YES;
				SUPPORTED_PLATFORMS = "iphoneos iphonesimulator";
				SUPPORTS_MACCATALYST = NO;
				SUPPORTS_MAC_DESIGNED_FOR_IPHONE_IPAD = NO;
				SWIFT_EMIT_LOC_STRINGS = YES;
				SWIFT_OPTIMIZATION_LEVEL = "-Onone";
				SWIFT_VERSION = 5.0;
				TARGETED_DEVICE_FAMILY = "1,2";
			};
			name = Debug;
		};
		32BBE6F429032D46005900E2 /* Release */ = {
			isa = XCBuildConfiguration;
			buildSettings = {
				CLANG_ENABLE_MODULES = YES;
				CODE_SIGN_STYLE = Automatic;
				CURRENT_PROJECT_VERSION = 1;
				DEFINES_MODULE = YES;
				DEVELOPMENT_TEAM = 8B4Z6L9SV7;
				DYLIB_COMPATIBILITY_VERSION = 1;
				DYLIB_CURRENT_VERSION = 1;
				DYLIB_INSTALL_NAME_BASE = "@rpath";
				GENERATE_INFOPLIST_FILE = YES;
				INFOPLIST_KEY_NSHumanReadableCopyright = "";
				INSTALL_PATH = "$(LOCAL_LIBRARY_DIR)/Frameworks";
				IPHONEOS_DEPLOYMENT_TARGET = 14.0;
				LD_RUNPATH_SEARCH_PATHS = (
					"$(inherited)",
					"@executable_path/Frameworks",
					"@loader_path/Frameworks",
				);
				MARKETING_VERSION = 1.0;
				PRODUCT_BUNDLE_IDENTIFIER = is.rza.remote;
				PRODUCT_NAME = "$(TARGET_NAME:c99extidentifier)";
				SKIP_INSTALL = YES;
				SUPPORTED_PLATFORMS = "iphoneos iphonesimulator";
				SUPPORTS_MACCATALYST = NO;
				SUPPORTS_MAC_DESIGNED_FOR_IPHONE_IPAD = NO;
				SWIFT_EMIT_LOC_STRINGS = YES;
				SWIFT_VERSION = 5.0;
				TARGETED_DEVICE_FAMILY = "1,2";
			};
			name = Release;
		};
		32BBE6F629032D46005900E2 /* Debug */ = {
			isa = XCBuildConfiguration;
			buildSettings = {
				ALWAYS_EMBED_SWIFT_STANDARD_LIBRARIES = YES;
				CODE_SIGN_STYLE = Automatic;
				CURRENT_PROJECT_VERSION = 1;
				DEVELOPMENT_TEAM = 8B4Z6L9SV7;
				GENERATE_INFOPLIST_FILE = YES;
				MARKETING_VERSION = 1.0;
				PRODUCT_BUNDLE_IDENTIFIER = is.rza.remoteTests;
				PRODUCT_NAME = "$(TARGET_NAME)";
				SWIFT_EMIT_LOC_STRINGS = NO;
				SWIFT_VERSION = 5.0;
				TARGETED_DEVICE_FAMILY = "1,2";
			};
			name = Debug;
		};
		32BBE6F729032D46005900E2 /* Release */ = {
			isa = XCBuildConfiguration;
			buildSettings = {
				ALWAYS_EMBED_SWIFT_STANDARD_LIBRARIES = YES;
				CODE_SIGN_STYLE = Automatic;
				CURRENT_PROJECT_VERSION = 1;
				DEVELOPMENT_TEAM = 8B4Z6L9SV7;
				GENERATE_INFOPLIST_FILE = YES;
				MARKETING_VERSION = 1.0;
				PRODUCT_BUNDLE_IDENTIFIER = is.rza.remoteTests;
				PRODUCT_NAME = "$(TARGET_NAME)";
				SWIFT_EMIT_LOC_STRINGS = NO;
				SWIFT_VERSION = 5.0;
				TARGETED_DEVICE_FAMILY = "1,2";
			};
			name = Release;
		};
/* End XCBuildConfiguration section */

/* Begin XCConfigurationList section */
		32BBE6DA29032D46005900E2 /* Build configuration list for PBXProject "remote" */ = {
			isa = XCConfigurationList;
			buildConfigurations = (
				32BBE6F029032D46005900E2 /* Debug */,
				32BBE6F129032D46005900E2 /* Release */,
			);
			defaultConfigurationIsVisible = 0;
			defaultConfigurationName = Release;
		};
		32BBE6F229032D46005900E2 /* Build configuration list for PBXNativeTarget "remote" */ = {
			isa = XCConfigurationList;
			buildConfigurations = (
				32BBE6F329032D46005900E2 /* Debug */,
				32BBE6F429032D46005900E2 /* Release */,
			);
			defaultConfigurationIsVisible = 0;
			defaultConfigurationName = Release;
		};
		32BBE6F529032D46005900E2 /* Build configuration list for PBXNativeTarget "remoteTests" */ = {
			isa = XCConfigurationList;
			buildConfigurations = (
				32BBE6F629032D46005900E2 /* Debug */,
				32BBE6F729032D46005900E2 /* Release */,
			);
			defaultConfigurationIsVisible = 0;
			defaultConfigurationName = Release;
		};
/* End XCConfigurationList section */

/* Begin XCRemoteSwiftPackageReference section */
		32BBE70A29032DDC005900E2 /* XCRemoteSwiftPackageReference "Alamofire" */ = {
			isa = XCRemoteSwiftPackageReference;
			repositoryURL = "https://github.com/Alamofire/Alamofire";
			requirement = {
				kind = upToNextMajorVersion;
				minimumVersion = 5.0.0;
			};
		};
/* End XCRemoteSwiftPackageReference section */

/* Begin XCSwiftPackageProductDependency section */
		32BBE70B29032DDC005900E2 /* Alamofire */ = {
			isa = XCSwiftPackageProductDependency;
			package = 32BBE70A29032DDC005900E2 /* XCRemoteSwiftPackageReference "Alamofire" */;
			productName = Alamofire;
		};
/* End XCSwiftPackageProductDependency section */
	};
	rootObject = 32BBE6D729032D46005900E2 /* Project object */;
}
